
Microsoft Visual Studio Solution File, Format Version 12.00
# Visual Studio Version 17
VisualStudioVersion = 17.9.34728.123
MinimumVisualStudioVersion = 10.0.40219.1
Project("{9A19103F-16F7-4668-BE54-9A1E7A4F7556}") = "SistemaVentasPPC", "SistemaVentasPPC\SistemaVentasPPC.csproj", "{0502CF0F-C5FD-4BC2-A236-64DDBB9FE235}"
EndProject
Project("{9A19103F-16F7-4668-BE54-9A1E7A4F7556}") = "SistemaVentasPPC.Client", "SistemaVentasPPC.Client\SistemaVentasPPC.Client.csproj", "{490CF98B-C13B-48B9-B480-56542D6485E6}"
EndProject
Project("{9A19103F-16F7-4668-BE54-9A1E7A4F7556}") = "Shared", "Shared\Shared.csproj", "{78289F3B-3A38-4B01-9445-D123FBF23541}"
EndProject
Global
	GlobalSection(SolutionConfigurationPlatforms) = preSolution
		Debug|Any CPU = Debug|Any CPU
		Release|Any CPU = Release|Any CPU
	EndGlobalSection
	GlobalSection(ProjectConfigurationPlatforms) = postSolution
		{0502CF0F-C5FD-4BC2-A236-64DDBB9FE235}.Debug|Any CPU.ActiveCfg = Debug|Any CPU
		{0502CF0F-C5FD-4BC2-A236-64DDBB9FE235}.Debug|Any CPU.Build.0 = Debug|Any CPU
		{0502CF0F-C5FD-4BC2-A236-64DDBB9FE235}.Release|Any CPU.ActiveCfg = Release|Any CPU
		{0502CF0F-C5FD-4BC2-A236-64DDBB9FE235}.Release|Any CPU.Build.0 = Release|Any CPU
		{490CF98B-C13B-48B9-B480-56542D6485E6}.Debug|Any CPU.ActiveCfg = Debug|Any CPU
		{490CF98B-C13B-48B9-B480-56542D6485E6}.Debug|Any CPU.Build.0 = Debug|Any CPU
		{490CF98B-C13B-48B9-B480-56542D6485E6}.Release|Any CPU.ActiveCfg = Release|Any CPU
		{490CF98B-C13B-48B9-B480-56542D6485E6}.Release|Any CPU.Build.0 = Release|Any CPU
		{78289F3B-3A38-4B01-9445-D123FBF23541}.Debug|Any CPU.ActiveCfg = Debug|Any CPU
		{78289F3B-3A38-4B01-9445-D123FBF23541}.Debug|Any CPU.Build.0 = Debug|Any CPU
		{78289F3B-3A38-4B01-9445-D123FBF23541}.Release|Any CPU.ActiveCfg = Release|Any CPU
		{78289F3B-3A38-4B01-9445-D123FBF23541}.Release|Any CPU.Build.0 = Release|Any CPU
	EndGlobalSection
	GlobalSection(SolutionProperties) = preSolution
		HideSolutionNode = FALSE
	EndGlobalSection
	GlobalSection(ExtensibilityGlobals) = postSolution
		SolutionGuid = {A2AD6033-0239-4293-B37C-DC00EF4EBBB1}
	EndGlobalSection
EndGlobal
